{
  "name": "ai-admin-jqadm",
  "version": "1.0.0",
  "lockfileVersion": 3,
  "requires": true,
  "packages": {
    "": {
      "name": "ai-admin-jqadm",
      "version": "1.0.0",
      "license": "LGPL-3.0-or-later",
      "dependencies": {
        "@ckeditor/ckeditor5-build-classic": "^41.1.0",
        "@ckeditor/ckeditor5-vue": "^5.1.0",
        "@vue-leaflet/vue-leaflet": "^0.10.1",
        "@vueform/multiselect": "^2.6.6",
        "flatpickr": "^4.6.13",
        "jquery": "^3.7.1",
        "jquery-param": "^1.2.3",
        "leaflet": "^1.9.4",
        "sortablejs": "^1.15.2",
        "sprintf-js": "^1.1.3",
        "vue": "^3.4.15",
        "vue-flatpickr-component": "^11.0.3",
        "vuedraggable": "^4.1.0"
      },
      "devDependencies": {
        "esbuild": "^0.20.0"
      }
    },
    "node_modules/@babel/parser": {
      "version": "7.23.9",
      "resolved": "https://registry.npmjs.org/@babel/parser/-/parser-7.23.9.tgz",
      "integrity": "sha512-9tcKgqKbs3xGJ+NtKF2ndOBBLVwPjl1SHxPQkd36r3Dlirw3xWUeGaTbqr7uGZcTaxkVNwc+03SVP7aCdWrTlA==",
      "bin": {
        "parser": "bin/babel-parser.js"
      },
      "engines": {
        "node": ">=6.0.0"
      }
    },
    "node_modules/@ckeditor/ckeditor5-adapter-ckfinder": {
      "version": "41.1.0",
      "resolved": "https://registry.npmjs.org/@ckeditor/ckeditor5-adapter-ckfinder/-/ckeditor5-adapter-ckfinder-41.1.0.tgz",
      "integrity": "sha512-0qEaSKeqRiFkn/17D3oglDSG2WVRzwzPWB1fWPHCxgAyWflR2vYUKiyLD8zE5AtMvJvqSNNHaEcrarKiacO9uw==",
      "dependencies": {
        "ckeditor5": "41.1.0"
      }
    },
    "node_modules/@ckeditor/ckeditor5-autoformat": {
      "version": "41.1.0",
      "resolved": "https://registry.npmjs.org/@ckeditor/ckeditor5-autoformat/-/ckeditor5-autoformat-41.1.0.tgz",
      "integrity": "sha512-aTN1bGrGaYwHAjo0kH35pmRDItTUDNFMzJ570OKVmSF4zSmg5ZjfbcZ//otzz5NLePx/K4FjhrCpZlABGI3MDg==",
      "dependencies": {
        "ckeditor5": "41.1.0"
      }
    },
    "node_modules/@ckeditor/ckeditor5-basic-styles": {
      "version": "41.1.0",
      "resolved": "https://registry.npmjs.org/@ckeditor/ckeditor5-basic-styles/-/ckeditor5-basic-styles-41.1.0.tgz",
      "integrity": "sha512-yldViSRB9wTU8SNqfndOJqGQCfCZ0+yufAEbhcmQ/ZHNbIRNIXVYcI91WeZFull640c0DPnj7KT4UxsWu3a4OA==",
      "dependencies": {
        "ckeditor5": "41.1.0"
      }
    },
    "node_modules/@ckeditor/ckeditor5-block-quote": {
      "version": "41.1.0",
      "resolved": "https://registry.npmjs.org/@ckeditor/ckeditor5-block-quote/-/ckeditor5-block-quote-41.1.0.tgz",
      "integrity": "sha512-si1WBGTpUhTR18ywoAD0yy6m+PeGwisIblIGbOdPgs+lfMsFECrftvH8qrTZG1D80S3p0jNa74qw7BSMGk/TUg==",
      "dependencies": {
        "ckeditor5": "41.1.0"
      }
    },
    "node_modules/@ckeditor/ckeditor5-build-classic": {
      "version": "41.1.0",
      "resolved": "https://registry.npmjs.org/@ckeditor/ckeditor5-build-classic/-/ckeditor5-build-classic-41.1.0.tgz",
      "integrity": "sha512-sW3VjZSEIl+KblktXFWseyIixOTDAVwLs0fH/oUgEDuP73mOB/2aZCJcCNijDTNkC2lRc36G9609d+hEjhHZIQ==",
      "dependencies": {
        "@ckeditor/ckeditor5-adapter-ckfinder": "41.1.0",
        "@ckeditor/ckeditor5-autoformat": "41.1.0",
        "@ckeditor/ckeditor5-basic-styles": "41.1.0",
        "@ckeditor/ckeditor5-block-quote": "41.1.0",
        "@ckeditor/ckeditor5-ckbox": "41.1.0",
        "@ckeditor/ckeditor5-ckfinder": "41.1.0",
        "@ckeditor/ckeditor5-cloud-services": "41.1.0",
        "@ckeditor/ckeditor5-easy-image": "41.1.0",
        "@ckeditor/ckeditor5-editor-classic": "41.1.0",
        "@ckeditor/ckeditor5-essentials": "41.1.0",
        "@ckeditor/ckeditor5-heading": "41.1.0",
        "@ckeditor/ckeditor5-image": "41.1.0",
        "@ckeditor/ckeditor5-indent": "41.1.0",
        "@ckeditor/ckeditor5-link": "41.1.0",
        "@ckeditor/ckeditor5-list": "41.1.0",
        "@ckeditor/ckeditor5-media-embed": "41.1.0",
        "@ckeditor/ckeditor5-paragraph": "41.1.0",
        "@ckeditor/ckeditor5-paste-from-office": "41.1.0",
        "@ckeditor/ckeditor5-table": "41.1.0",
        "@ckeditor/ckeditor5-typing": "41.1.0"
      }
    },
    "node_modules/@ckeditor/ckeditor5-ckbox": {
      "version": "41.1.0",
      "resolved": "https://registry.npmjs.org/@ckeditor/ckeditor5-ckbox/-/ckeditor5-ckbox-41.1.0.tgz",
      "integrity": "sha512-eS5m97IuRUHjuDe+eUxSpre3pekGPCDbeHIyu/5bmEtFGLoWxNvWmPArZ1l5AsJr4Yj9J/WNepKPbO3yNwDJ5w==",
      "dependencies": {
        "blurhash": "2.0.5",
        "ckeditor5": "41.1.0",
        "lodash-es": "4.17.21"
      }
    },
    "node_modules/@ckeditor/ckeditor5-ckfinder": {
      "version": "41.1.0",
      "resolved": "https://registry.npmjs.org/@ckeditor/ckeditor5-ckfinder/-/ckeditor5-ckfinder-41.1.0.tgz",
      "integrity": "sha512-XsMmjuyzuRHBytTDt3k3Rbf/IvVvZkA5uL7llkLFhR+ujut4WMexZpYREudJOQi/M4/UAkjPLccZB00fuR7OEw==",
      "dependencies": {
        "ckeditor5": "41.1.0"
      }
    },
    "node_modules/@ckeditor/ckeditor5-clipboard": {
      "version": "41.1.0",
      "resolved": "https://registry.npmjs.org/@ckeditor/ckeditor5-clipboard/-/ckeditor5-clipboard-41.1.0.tgz",
      "integrity": "sha512-QbXp3ysaeI2dFWKUvd/Lf1kbmZfq+F+Sbg6/mawBqImyHJjwvO0QrA+SepUSYPuWaTqnPJ5Kng020MMj1Iexyg==",
      "dependencies": {
        "@ckeditor/ckeditor5-core": "41.1.0",
        "@ckeditor/ckeditor5-engine": "41.1.0",
        "@ckeditor/ckeditor5-ui": "41.1.0",
        "@ckeditor/ckeditor5-utils": "41.1.0",
        "@ckeditor/ckeditor5-widget": "41.1.0",
        "lodash-es": "4.17.21"
      }
    },
    "node_modules/@ckeditor/ckeditor5-cloud-services": {
      "version": "41.1.0",
      "resolved": "https://registry.npmjs.org/@ckeditor/ckeditor5-cloud-services/-/ckeditor5-cloud-services-41.1.0.tgz",
      "integrity": "sha512-E24nctJwJoXW4TdVCqsfyo8UBa4I7IiSfH6jeSktE3B3QUgqIbUnOZ/CLOiXkIpbF+7V2Tlx2eFQWheyjs/5ww==",
      "dependencies": {
        "ckeditor5": "41.1.0"
      }
    },
    "node_modules/@ckeditor/ckeditor5-core": {
      "version": "41.1.0",
      "resolved": "https://registry.npmjs.org/@ckeditor/ckeditor5-core/-/ckeditor5-core-41.1.0.tgz",
      "integrity": "sha512-Z23stcZ5lx1jsQa+9jybyz1h/HvIYqpKo2OW9s27KD9oAvbNNYvsNqtCZMDecik/7ofr8wiWC/xnzCk7QRwmuA==",
      "dependencies": {
        "@ckeditor/ckeditor5-engine": "41.1.0",
        "@ckeditor/ckeditor5-utils": "41.1.0",
        "lodash-es": "4.17.21"
      }
    },
    "node_modules/@ckeditor/ckeditor5-easy-image": {
      "version": "41.1.0",
      "resolved": "https://registry.npmjs.org/@ckeditor/ckeditor5-easy-image/-/ckeditor5-easy-image-41.1.0.tgz",
      "integrity": "sha512-m8JPIutEz/rXiR1x7W1u8ty+fYmb0NrZ7Z8x6WCvLSo77b2K++yDmUGQ5KLazR50pQB6Xi8juoSZGm5mcUeoJA==",
      "dependencies": {
        "ckeditor5": "41.1.0"
      }
    },
    "node_modules/@ckeditor/ckeditor5-editor-classic": {
      "version": "41.1.0",
      "resolved": "https://registry.npmjs.org/@ckeditor/ckeditor5-editor-classic/-/ckeditor5-editor-classic-41.1.0.tgz",
      "integrity": "sha512-KMkHPmYalwqDecsMIbNexddhIwe/O0QkD7atJxzwtHWjEWP2bxi0fYPGQvMZXpj1BDXXMyZN6zQZlYfHzrk+7w==",
      "dependencies": {
        "ckeditor5": "41.1.0",
        "lodash-es": "4.17.21"
      }
    },
    "node_modules/@ckeditor/ckeditor5-engine": {
      "version": "41.1.0",
      "resolved": "https://registry.npmjs.org/@ckeditor/ckeditor5-engine/-/ckeditor5-engine-41.1.0.tgz",
      "integrity": "sha512-YYZKXESH6iml9BT3EIlYgKgkH/DqeW2Xe0IzhuC+T7OqemBYp5x/HMP7tQMjsRGImc4+4iyTZ+8pJTAlU5pJyQ==",
      "dependencies": {
        "@ckeditor/ckeditor5-utils": "41.1.0",
        "lodash-es": "4.17.21"
      }
    },
    "node_modules/@ckeditor/ckeditor5-enter": {
      "version": "41.1.0",
      "resolved": "https://registry.npmjs.org/@ckeditor/ckeditor5-enter/-/ckeditor5-enter-41.1.0.tgz",
      "integrity": "sha512-kpESGrUDCuHJbDOXGGYaK4RgwHgyZAY6h2OkXf99yE0Rhm23EOXh09uC07gqzS6q1/4UXM6l0CX/s0jjdD0LuQ==",
      "dependencies": {
        "@ckeditor/ckeditor5-core": "41.1.0",
        "@ckeditor/ckeditor5-engine": "41.1.0",
        "@ckeditor/ckeditor5-utils": "41.1.0"
      }
    },
    "node_modules/@ckeditor/ckeditor5-essentials": {
      "version": "41.1.0",
      "resolved": "https://registry.npmjs.org/@ckeditor/ckeditor5-essentials/-/ckeditor5-essentials-41.1.0.tgz",
      "integrity": "sha512-zUPbApEGl32Err/hURVDPZpXZHpe9gRQ/3r1xhaxIvB2zILcHAKauB94phzPLywrr0eBNa546ZW8+iXjFEJ7CQ==",
      "dependencies": {
        "ckeditor5": "41.1.0"
      }
    },
    "node_modules/@ckeditor/ckeditor5-heading": {
      "version": "41.1.0",
      "resolved": "https://registry.npmjs.org/@ckeditor/ckeditor5-heading/-/ckeditor5-heading-41.1.0.tgz",
      "integrity": "sha512-rOsQ5AIsc5ccsARrs0CsiinoSx5DZrnkHH6PV6wEJcpgvhiJhB7NYG6Maw+vUcaDlY5z012GvAXLvv21ZNpw4w==",
      "dependencies": {
        "ckeditor5": "41.1.0"
      }
    },
    "node_modules/@ckeditor/ckeditor5-image": {
      "version": "41.1.0",
      "resolved": "https://registry.npmjs.org/@ckeditor/ckeditor5-image/-/ckeditor5-image-41.1.0.tgz",
      "integrity": "sha512-K90Dr3nxE8osBcPImP4VOfw9DgwiCPzGUu3vP+4ylMgJxmRetRCmuryEH5Gh4iw+poDr+JeBeTxT/M6n+hdx5w==",
      "dependencies": {
        "@ckeditor/ckeditor5-ui": "41.1.0",
        "ckeditor5": "41.1.0",
        "lodash-es": "4.17.21"
      }
    },
    "node_modules/@ckeditor/ckeditor5-indent": {
      "version": "41.1.0",
      "resolved": "https://registry.npmjs.org/@ckeditor/ckeditor5-indent/-/ckeditor5-indent-41.1.0.tgz",
      "integrity": "sha512-CLEzSf3Y8Ow5W88W2v3znOO5Yo6a3+0//bEWSPyhQ8c7zaWM5gjZ36qGfPhbBnpMy2vYJkSVwW2fZ7rWdRr2cA==",
      "dependencies": {
        "ckeditor5": "41.1.0"
      }
    },
    "node_modules/@ckeditor/ckeditor5-link": {
      "version": "41.1.0",
      "resolved": "https://registry.npmjs.org/@ckeditor/ckeditor5-link/-/ckeditor5-link-41.1.0.tgz",
      "integrity": "sha512-iTf1J+OGiD6sxsMu3tAvHiFVVYz8qm7DwpZ3M3kvRphx2Tv3bFjNaeCK+tiOeBx2Bpm/EdfGs8Q9XzZLjrIBCA==",
      "dependencies": {
        "@ckeditor/ckeditor5-ui": "41.1.0",
        "ckeditor5": "41.1.0",
        "lodash-es": "4.17.21"
      }
    },
    "node_modules/@ckeditor/ckeditor5-list": {
      "version": "41.1.0",
      "resolved": "https://registry.npmjs.org/@ckeditor/ckeditor5-list/-/ckeditor5-list-41.1.0.tgz",
      "integrity": "sha512-tcvUGMIg+Kg1zF0iWFMWHsikvRxwpReAd/QZp/cVUP6EvoL46bc4H6IzFU5qV3g1JM14wjiSTShHWYW8kS6wYA==",
      "dependencies": {
        "ckeditor5": "41.1.0"
      }
    },
    "node_modules/@ckeditor/ckeditor5-media-embed": {
      "version": "41.1.0",
      "resolved": "https://registry.npmjs.org/@ckeditor/ckeditor5-media-embed/-/ckeditor5-media-embed-41.1.0.tgz",
      "integrity": "sha512-fV2rvE7RORY9jR7icswCgWEtQxze6tVahBDI85YaZuruX20+pa5PmxLE6Ls6uzZZFvIl9hJZkkUxzmJC/tPEsw==",
      "dependencies": {
        "@ckeditor/ckeditor5-ui": "41.1.0",
        "ckeditor5": "41.1.0"
      }
    },
    "node_modules/@ckeditor/ckeditor5-paragraph": {
      "version": "41.1.0",
      "resolved": "https://registry.npmjs.org/@ckeditor/ckeditor5-paragraph/-/ckeditor5-paragraph-41.1.0.tgz",
      "integrity": "sha512-4p7imtnmALVbOykbJXOIpU3lI1nCoiDtCHR5B0MTX2oPjmhjRiZEl5cNIMZ0FTquYvdrswQ7zqmeH/++14pBzQ==",
      "dependencies": {
        "@ckeditor/ckeditor5-core": "41.1.0",
        "@ckeditor/ckeditor5-ui": "41.1.0",
        "@ckeditor/ckeditor5-utils": "41.1.0"
      }
    },
    "node_modules/@ckeditor/ckeditor5-paste-from-office": {
      "version": "41.1.0",
      "resolved": "https://registry.npmjs.org/@ckeditor/ckeditor5-paste-from-office/-/ckeditor5-paste-from-office-41.1.0.tgz",
      "integrity": "sha512-xeB7thvP7ZI/0hWkcpO0+zeDD24MJJ9igdlGNblx8QcBcVRLRCkLDj7XkFlYP9zfzGNZUgjbJjPWyHbeYurHNQ==",
      "dependencies": {
        "ckeditor5": "41.1.0"
      }
    },
    "node_modules/@ckeditor/ckeditor5-select-all": {
      "version": "41.1.0",
      "resolved": "https://registry.npmjs.org/@ckeditor/ckeditor5-select-all/-/ckeditor5-select-all-41.1.0.tgz",
      "integrity": "sha512-YGeQZv/VlRzWKwNuJ+qoY50hikcjhjgZlCQeT6ir8RhXBEcSsaTKK+bYYdNnfHoDFGsadosZP6vBpcBTUYrxOw==",
      "dependencies": {
        "@ckeditor/ckeditor5-core": "41.1.0",
        "@ckeditor/ckeditor5-ui": "41.1.0",
        "@ckeditor/ckeditor5-utils": "41.1.0"
      }
    },
    "node_modules/@ckeditor/ckeditor5-table": {
      "version": "41.1.0",
      "resolved": "https://registry.npmjs.org/@ckeditor/ckeditor5-table/-/ckeditor5-table-41.1.0.tgz",
      "integrity": "sha512-MtWPC3DT3Ew3Fm5Tf/aIOqOodzVR/ms1cmB7jKFnJ1IRe0olo8TborMv6UvNWfy5W11vqf33snCEU1ynbJN7zw==",
      "dependencies": {
        "ckeditor5": "41.1.0",
        "lodash-es": "4.17.21"
      }
    },
    "node_modules/@ckeditor/ckeditor5-typing": {
      "version": "41.1.0",
      "resolved": "https://registry.npmjs.org/@ckeditor/ckeditor5-typing/-/ckeditor5-typing-41.1.0.tgz",
      "integrity": "sha512-33XRNa9Z2LTwCWx9GdY7Pyb9ymOaEo+ZarV3hwbD4FOww6CSRB0/29ny+br8WEfJpdM/5EyHNmfLXHpIqP5vtQ==",
      "dependencies": {
        "@ckeditor/ckeditor5-core": "41.1.0",
        "@ckeditor/ckeditor5-engine": "41.1.0",
        "@ckeditor/ckeditor5-utils": "41.1.0",
        "lodash-es": "4.17.21"
      }
    },
    "node_modules/@ckeditor/ckeditor5-ui": {
      "version": "41.1.0",
      "resolved": "https://registry.npmjs.org/@ckeditor/ckeditor5-ui/-/ckeditor5-ui-41.1.0.tgz",
      "integrity": "sha512-U3lgwTUNCLuK9lFrYV8ch/4/AQqW6Cv4DJFiKzpEwLB7PQFOZsoaY0yP2XZ7Wj1IGMfsOF3uECrNVATiPPr8ww==",
      "dependencies": {
        "@ckeditor/ckeditor5-core": "41.1.0",
        "@ckeditor/ckeditor5-utils": "41.1.0",
        "color-convert": "2.0.1",
        "color-parse": "1.4.2",
        "lodash-es": "4.17.21",
        "vanilla-colorful": "0.7.2"
      }
    },
    "node_modules/@ckeditor/ckeditor5-undo": {
      "version": "41.1.0",
      "resolved": "https://registry.npmjs.org/@ckeditor/ckeditor5-undo/-/ckeditor5-undo-41.1.0.tgz",
      "integrity": "sha512-nNGOfyZzjK5NRckRApUiP1CKfRJgKIqy5CE8z4aAqu0/4KdnajoV8K7U7yEQwtrWeClB8ye0rLEsSH8X+6UWeg==",
      "dependencies": {
        "@ckeditor/ckeditor5-core": "41.1.0",
        "@ckeditor/ckeditor5-engine": "41.1.0",
        "@ckeditor/ckeditor5-ui": "41.1.0"
      }
    },
    "node_modules/@ckeditor/ckeditor5-upload": {
      "version": "41.1.0",
      "resolved": "https://registry.npmjs.org/@ckeditor/ckeditor5-upload/-/ckeditor5-upload-41.1.0.tgz",
      "integrity": "sha512-o64mv8zAJiGMI4Ao/fngZSBpNNCb/THPZc224GEdOrUkXhSpUnHIsXvlsUwwSRSEZuK44vk+OPNGbFloYMk5Eg==",
      "dependencies": {
        "@ckeditor/ckeditor5-core": "41.1.0",
        "@ckeditor/ckeditor5-ui": "41.1.0",
        "@ckeditor/ckeditor5-utils": "41.1.0"
      }
    },
    "node_modules/@ckeditor/ckeditor5-utils": {
      "version": "41.1.0",
      "resolved": "https://registry.npmjs.org/@ckeditor/ckeditor5-utils/-/ckeditor5-utils-41.1.0.tgz",
      "integrity": "sha512-2WtcUHbZ7wJoDVKb1AHeB4OSdf0ZLg1PMemr46yjCHDCf7NunGp/n+suZWloIKPuyG9OPkp9lhIBI4MHeDNHYw==",
      "dependencies": {
        "lodash-es": "4.17.21"
      }
    },
    "node_modules/@ckeditor/ckeditor5-vue": {
      "version": "5.1.0",
      "resolved": "https://registry.npmjs.org/@ckeditor/ckeditor5-vue/-/ckeditor5-vue-5.1.0.tgz",
      "integrity": "sha512-KEx4Tj2Irr4ZbLG8LnaKpb0Dgd8qmLmKFWeiKkQwM3RAAeYRYOCcBVB2Y168I9KA8wRosPxgOO9jbQ92yopYHA==",
      "hasInstallScript": true,
      "engines": {
        "node": ">=16.0.0",
        "npm": ">=5.7.1"
      }
    },
    "node_modules/@ckeditor/ckeditor5-watchdog": {
      "version": "41.1.0",
      "resolved": "https://registry.npmjs.org/@ckeditor/ckeditor5-watchdog/-/ckeditor5-watchdog-41.1.0.tgz",
      "integrity": "sha512-zAKmuUpYW+X80rNFHIZ0cWXZWeXUd86xO+PVfKEmtSt4By4dKA3wDNT0Ub631x+oZQepp2eoG54R7CpLd2WFiw==",
      "dependencies": {
        "lodash-es": "4.17.21"
      }
    },
    "node_modules/@ckeditor/ckeditor5-widget": {
      "version": "41.1.0",
      "resolved": "https://registry.npmjs.org/@ckeditor/ckeditor5-widget/-/ckeditor5-widget-41.1.0.tgz",
      "integrity": "sha512-OBJrBM+43fgmahp3W/MNcliW19JAVVIs7bcY4orMk+ltFptHT2v1fDsLkp7YRsxYi/Ipx6ZjWVjG3DQXAaUjwA==",
      "dependencies": {
        "@ckeditor/ckeditor5-core": "41.1.0",
        "@ckeditor/ckeditor5-engine": "41.1.0",
        "@ckeditor/ckeditor5-enter": "41.1.0",
        "@ckeditor/ckeditor5-typing": "41.1.0",
        "@ckeditor/ckeditor5-ui": "41.1.0",
        "@ckeditor/ckeditor5-utils": "41.1.0",
        "lodash-es": "4.17.21"
      }
    },
    "node_modules/@esbuild/aix-ppc64": {
      "version": "0.20.0",
      "resolved": "https://registry.npmjs.org/@esbuild/aix-ppc64/-/aix-ppc64-0.20.0.tgz",
      "integrity": "sha512-fGFDEctNh0CcSwsiRPxiaqX0P5rq+AqE0SRhYGZ4PX46Lg1FNR6oCxJghf8YgY0WQEgQuh3lErUFE4KxLeRmmw==",
      "cpu": [
        "ppc64"
      ],
      "dev": true,
      "optional": true,
      "os": [
        "aix"
      ],
      "engines": {
        "node": ">=12"
      }
    },
    "node_modules/@esbuild/android-arm": {
      "version": "0.20.0",
      "resolved": "https://registry.npmjs.org/@esbuild/android-arm/-/android-arm-0.20.0.tgz",
      "integrity": "sha512-3bMAfInvByLHfJwYPJRlpTeaQA75n8C/QKpEaiS4HrFWFiJlNI0vzq/zCjBrhAYcPyVPG7Eo9dMrcQXuqmNk5g==",
      "cpu": [
        "arm"
      ],
      "dev": true,
      "optional": true,
      "os": [
        "android"
      ],
      "engines": {
        "node": ">=12"
      }
    },
    "node_modules/@esbuild/android-arm64": {
      "version": "0.20.0",
      "resolved": "https://registry.npmjs.org/@esbuild/android-arm64/-/android-arm64-0.20.0.tgz",
      "integrity": "sha512-aVpnM4lURNkp0D3qPoAzSG92VXStYmoVPOgXveAUoQBWRSuQzt51yvSju29J6AHPmwY1BjH49uR29oyfH1ra8Q==",
      "cpu": [
        "arm64"
      ],
      "dev": true,
      "optional": true,
      "os": [
        "android"
      ],
      "engines": {
        "node": ">=12"
      }
    },
    "node_modules/@esbuild/android-x64": {
      "version": "0.20.0",
      "resolved": "https://registry.npmjs.org/@esbuild/android-x64/-/android-x64-0.20.0.tgz",
      "integrity": "sha512-uK7wAnlRvjkCPzh8jJ+QejFyrP8ObKuR5cBIsQZ+qbMunwR8sbd8krmMbxTLSrDhiPZaJYKQAU5Y3iMDcZPhyQ==",
      "cpu": [
        "x64"
      ],
      "dev": true,
      "optional": true,
      "os": [
        "android"
      ],
      "engines": {
        "node": ">=12"
      }
    },
    "node_modules/@esbuild/darwin-arm64": {
      "version": "0.20.0",
      "resolved": "https://registry.npmjs.org/@esbuild/darwin-arm64/-/darwin-arm64-0.20.0.tgz",
      "integrity": "sha512-AjEcivGAlPs3UAcJedMa9qYg9eSfU6FnGHJjT8s346HSKkrcWlYezGE8VaO2xKfvvlZkgAhyvl06OJOxiMgOYQ==",
      "cpu": [
        "arm64"
      ],
      "dev": true,
      "optional": true,
      "os": [
        "darwin"
      ],
      "engines": {
        "node": ">=12"
      }
    },
    "node_modules/@esbuild/darwin-x64": {
      "version": "0.20.0",
      "resolved": "https://registry.npmjs.org/@esbuild/darwin-x64/-/darwin-x64-0.20.0.tgz",
      "integrity": "sha512-bsgTPoyYDnPv8ER0HqnJggXK6RyFy4PH4rtsId0V7Efa90u2+EifxytE9pZnsDgExgkARy24WUQGv9irVbTvIw==",
      "cpu": [
        "x64"
      ],
      "dev": true,
      "optional": true,
      "os": [
        "darwin"
      ],
      "engines": {
        "node": ">=12"
      }
    },
    "node_modules/@esbuild/freebsd-arm64": {
      "version": "0.20.0",
      "resolved": "https://registry.npmjs.org/@esbuild/freebsd-arm64/-/freebsd-arm64-0.20.0.tgz",
      "integrity": "sha512-kQ7jYdlKS335mpGbMW5tEe3IrQFIok9r84EM3PXB8qBFJPSc6dpWfrtsC/y1pyrz82xfUIn5ZrnSHQQsd6jebQ==",
      "cpu": [
        "arm64"
      ],
      "dev": true,
      "optional": true,
      "os": [
        "freebsd"
      ],
      "engines": {
        "node": ">=12"
      }
    },
    "node_modules/@esbuild/freebsd-x64": {
      "version": "0.20.0",
      "resolved": "https://registry.npmjs.org/@esbuild/freebsd-x64/-/freebsd-x64-0.20.0.tgz",
      "integrity": "sha512-uG8B0WSepMRsBNVXAQcHf9+Ko/Tr+XqmK7Ptel9HVmnykupXdS4J7ovSQUIi0tQGIndhbqWLaIL/qO/cWhXKyQ==",
      "cpu": [
        "x64"
      ],
      "dev": true,
      "optional": true,
      "os": [
        "freebsd"
      ],
      "engines": {
        "node": ">=12"
      }
    },
    "node_modules/@esbuild/linux-arm": {
      "version": "0.20.0",
      "resolved": "https://registry.npmjs.org/@esbuild/linux-arm/-/linux-arm-0.20.0.tgz",
      "integrity": "sha512-2ezuhdiZw8vuHf1HKSf4TIk80naTbP9At7sOqZmdVwvvMyuoDiZB49YZKLsLOfKIr77+I40dWpHVeY5JHpIEIg==",
      "cpu": [
        "arm"
      ],
      "dev": true,
      "optional": true,
      "os": [
        "linux"
      ],
      "engines": {
        "node": ">=12"
      }
    },
    "node_modules/@esbuild/linux-arm64": {
      "version": "0.20.0",
      "resolved": "https://registry.npmjs.org/@esbuild/linux-arm64/-/linux-arm64-0.20.0.tgz",
      "integrity": "sha512-uTtyYAP5veqi2z9b6Gr0NUoNv9F/rOzI8tOD5jKcCvRUn7T60Bb+42NDBCWNhMjkQzI0qqwXkQGo1SY41G52nw==",
      "cpu": [
        "arm64"
      ],
      "dev": true,
      "optional": true,
      "os": [
        "linux"
      ],
      "engines": {
        "node": ">=12"
      }
    },
    "node_modules/@esbuild/linux-ia32": {
      "version": "0.20.0",
      "resolved": "https://registry.npmjs.org/@esbuild/linux-ia32/-/linux-ia32-0.20.0.tgz",
      "integrity": "sha512-c88wwtfs8tTffPaoJ+SQn3y+lKtgTzyjkD8NgsyCtCmtoIC8RDL7PrJU05an/e9VuAke6eJqGkoMhJK1RY6z4w==",
      "cpu": [
        "ia32"
      ],
      "dev": true,
      "optional": true,
      "os": [
        "linux"
      ],
      "engines": {
        "node": ">=12"
      }
    },
    "node_modules/@esbuild/linux-loong64": {
      "version": "0.20.0",
      "resolved": "https://registry.npmjs.org/@esbuild/linux-loong64/-/linux-loong64-0.20.0.tgz",
      "integrity": "sha512-lR2rr/128/6svngnVta6JN4gxSXle/yZEZL3o4XZ6esOqhyR4wsKyfu6qXAL04S4S5CgGfG+GYZnjFd4YiG3Aw==",
      "cpu": [
        "loong64"
      ],
      "dev": true,
      "optional": true,
      "os": [
        "linux"
      ],
      "engines": {
        "node": ">=12"
      }
    },
    "node_modules/@esbuild/linux-mips64el": {
      "version": "0.20.0",
      "resolved": "https://registry.npmjs.org/@esbuild/linux-mips64el/-/linux-mips64el-0.20.0.tgz",
      "integrity": "sha512-9Sycc+1uUsDnJCelDf6ZNqgZQoK1mJvFtqf2MUz4ujTxGhvCWw+4chYfDLPepMEvVL9PDwn6HrXad5yOrNzIsQ==",
      "cpu": [
        "mips64el"
      ],
      "dev": true,
      "optional": true,
      "os": [
        "linux"
      ],
      "engines": {
        "node": ">=12"
      }
    },
    "node_modules/@esbuild/linux-ppc64": {
      "version": "0.20.0",
      "resolved": "https://registry.npmjs.org/@esbuild/linux-ppc64/-/linux-ppc64-0.20.0.tgz",
      "integrity": "sha512-CoWSaaAXOZd+CjbUTdXIJE/t7Oz+4g90A3VBCHLbfuc5yUQU/nFDLOzQsN0cdxgXd97lYW/psIIBdjzQIwTBGw==",
      "cpu": [
        "ppc64"
      ],
      "dev": true,
      "optional": true,
      "os": [
        "linux"
      ],
      "engines": {
        "node": ">=12"
      }
    },
    "node_modules/@esbuild/linux-riscv64": {
      "version": "0.20.0",
      "resolved": "https://registry.npmjs.org/@esbuild/linux-riscv64/-/linux-riscv64-0.20.0.tgz",
      "integrity": "sha512-mlb1hg/eYRJUpv8h/x+4ShgoNLL8wgZ64SUr26KwglTYnwAWjkhR2GpoKftDbPOCnodA9t4Y/b68H4J9XmmPzA==",
      "cpu": [
        "riscv64"
      ],
      "dev": true,
      "optional": true,
      "os": [
        "linux"
      ],
      "engines": {
        "node": ">=12"
      }
    },
    "node_modules/@esbuild/linux-s390x": {
      "version": "0.20.0",
      "resolved": "https://registry.npmjs.org/@esbuild/linux-s390x/-/linux-s390x-0.20.0.tgz",
      "integrity": "sha512-fgf9ubb53xSnOBqyvWEY6ukBNRl1mVX1srPNu06B6mNsNK20JfH6xV6jECzrQ69/VMiTLvHMicQR/PgTOgqJUQ==",
      "cpu": [
        "s390x"
      ],
      "dev": true,
      "optional": true,
      "os": [
        "linux"
      ],
      "engines": {
        "node": ">=12"
      }
    },
    "node_modules/@esbuild/linux-x64": {
      "version": "0.20.0",
      "resolved": "https://registry.npmjs.org/@esbuild/linux-x64/-/linux-x64-0.20.0.tgz",
      "integrity": "sha512-H9Eu6MGse++204XZcYsse1yFHmRXEWgadk2N58O/xd50P9EvFMLJTQLg+lB4E1cF2xhLZU5luSWtGTb0l9UeSg==",
      "cpu": [
        "x64"
      ],
      "dev": true,
      "optional": true,
      "os": [
        "linux"
      ],
      "engines": {
        "node": ">=12"
      }
    },
    "node_modules/@esbuild/netbsd-x64": {
      "version": "0.20.0",
      "resolved": "https://registry.npmjs.org/@esbuild/netbsd-x64/-/netbsd-x64-0.20.0.tgz",
      "integrity": "sha512-lCT675rTN1v8Fo+RGrE5KjSnfY0x9Og4RN7t7lVrN3vMSjy34/+3na0q7RIfWDAj0e0rCh0OL+P88lu3Rt21MQ==",
      "cpu": [
        "x64"
      ],
      "dev": true,
      "optional": true,
      "os": [
        "netbsd"
      ],
      "engines": {
        "node": ">=12"
      }
    },
    "node_modules/@esbuild/openbsd-x64": {
      "version": "0.20.0",
      "resolved": "https://registry.npmjs.org/@esbuild/openbsd-x64/-/openbsd-x64-0.20.0.tgz",
      "integrity": "sha512-HKoUGXz/TOVXKQ+67NhxyHv+aDSZf44QpWLa3I1lLvAwGq8x1k0T+e2HHSRvxWhfJrFxaaqre1+YyzQ99KixoA==",
      "cpu": [
        "x64"
      ],
      "dev": true,
      "optional": true,
      "os": [
        "openbsd"
      ],
      "engines": {
        "node": ">=12"
      }
    },
    "node_modules/@esbuild/sunos-x64": {
      "version": "0.20.0",
      "resolved": "https://registry.npmjs.org/@esbuild/sunos-x64/-/sunos-x64-0.20.0.tgz",
      "integrity": "sha512-GDwAqgHQm1mVoPppGsoq4WJwT3vhnz/2N62CzhvApFD1eJyTroob30FPpOZabN+FgCjhG+AgcZyOPIkR8dfD7g==",
      "cpu": [
        "x64"
      ],
      "dev": true,
      "optional": true,
      "os": [
        "sunos"
      ],
      "engines": {
        "node": ">=12"
      }
    },
    "node_modules/@esbuild/win32-arm64": {
      "version": "0.20.0",
      "resolved": "https://registry.npmjs.org/@esbuild/win32-arm64/-/win32-arm64-0.20.0.tgz",
      "integrity": "sha512-0vYsP8aC4TvMlOQYozoksiaxjlvUcQrac+muDqj1Fxy6jh9l9CZJzj7zmh8JGfiV49cYLTorFLxg7593pGldwQ==",
      "cpu": [
        "arm64"
      ],
      "dev": true,
      "optional": true,
      "os": [
        "win32"
      ],
      "engines": {
        "node": ">=12"
      }
    },
    "node_modules/@esbuild/win32-ia32": {
      "version": "0.20.0",
      "resolved": "https://registry.npmjs.org/@esbuild/win32-ia32/-/win32-ia32-0.20.0.tgz",
      "integrity": "sha512-p98u4rIgfh4gdpV00IqknBD5pC84LCub+4a3MO+zjqvU5MVXOc3hqR2UgT2jI2nh3h8s9EQxmOsVI3tyzv1iFg==",
      "cpu": [
        "ia32"
      ],
      "dev": true,
      "optional": true,
      "os": [
        "win32"
      ],
      "engines": {
        "node": ">=12"
      }
    },
    "node_modules/@esbuild/win32-x64": {
      "version": "0.20.0",
      "resolved": "https://registry.npmjs.org/@esbuild/win32-x64/-/win32-x64-0.20.0.tgz",
      "integrity": "sha512-NgJnesu1RtWihtTtXGFMU5YSE6JyyHPMxCwBZK7a6/8d31GuSo9l0Ss7w1Jw5QnKUawG6UEehs883kcXf5fYwg==",
      "cpu": [
        "x64"
      ],
      "dev": true,
      "optional": true,
      "os": [
        "win32"
      ],
      "engines": {
        "node": ">=12"
      }
    },
    "node_modules/@jridgewell/sourcemap-codec": {
      "version": "1.4.15",
      "resolved": "https://registry.npmjs.org/@jridgewell/sourcemap-codec/-/sourcemap-codec-1.4.15.tgz",
      "integrity": "sha512-eF2rxCRulEKXHTRiDrDy6erMYWqNw4LPdQ8UQA4huuxaQsVeRPFl2oM8oDGxMFhJUWZf9McpLtJasDDZb/Bpeg=="
    },
    "node_modules/@vue-leaflet/vue-leaflet": {
      "version": "0.10.1",
      "resolved": "https://registry.npmjs.org/@vue-leaflet/vue-leaflet/-/vue-leaflet-0.10.1.tgz",
      "integrity": "sha512-RNEDk8TbnwrJl8ujdbKgZRFygLCxd0aBcWLQ05q/pGv4+d0jamE3KXQgQBqGAteE1mbQsk3xoNcqqUgaIGfWVg==",
      "dependencies": {
        "vue": "^3.2.25"
      },
      "peerDependencies": {
        "@types/leaflet": "^1.5.7",
        "leaflet": "^1.6.0"
      },
      "peerDependenciesMeta": {
        "@types/leaflet": {
          "optional": true
        }
      }
    },
    "node_modules/@vue/compiler-core": {
      "version": "3.4.16",
      "resolved": "https://registry.npmjs.org/@vue/compiler-core/-/compiler-core-3.4.16.tgz",
      "integrity": "sha512-HXgyy7gen4FNJS8Hz2q/NNBEdzD3QInhDTWaP2/mS0TlmV9CnjmXip7TZ0ROYiQM4FgXZCCJvh74yDikFkPpkQ==",
      "dependencies": {
        "@babel/parser": "^7.23.9",
        "@vue/shared": "3.4.16",
        "entities": "^4.5.0",
        "estree-walker": "^2.0.2",
        "source-map-js": "^1.0.2"
      }
    },
    "node_modules/@vue/compiler-dom": {
      "version": "3.4.16",
      "resolved": "https://registry.npmjs.org/@vue/compiler-dom/-/compiler-dom-3.4.16.tgz",
      "integrity": "sha512-lvs9ankPzLEuIC5aB72ntLUcwVGmgY7ASkXDRvo9+lUMWOOCqnAmM/64AZPeVAZ4EnjocCE40OUN+ZboNe4ygA==",
      "dependencies": {
        "@vue/compiler-core": "3.4.16",
        "@vue/shared": "3.4.16"
      }
    },
    "node_modules/@vue/compiler-sfc": {
      "version": "3.4.16",
      "resolved": "https://registry.npmjs.org/@vue/compiler-sfc/-/compiler-sfc-3.4.16.tgz",
      "integrity": "sha512-zVYC42Q/NmbB4nigGcQeIvsLpBlq6K9wJP5jTFCqfpXWnkodxfLFQHDu2GntZ7yKOgwAjxuvLwrPx+I6LPL2vg==",
      "dependencies": {
        "@babel/parser": "^7.23.9",
        "@vue/compiler-core": "3.4.16",
        "@vue/compiler-dom": "3.4.16",
        "@vue/compiler-ssr": "3.4.16",
        "@vue/shared": "3.4.16",
        "estree-walker": "^2.0.2",
        "magic-string": "^0.30.6",
        "postcss": "^8.4.33",
        "source-map-js": "^1.0.2"
      }
    },
    "node_modules/@vue/compiler-ssr": {
      "version": "3.4.16",
      "resolved": "https://registry.npmjs.org/@vue/compiler-ssr/-/compiler-ssr-3.4.16.tgz",
      "integrity": "sha512-1kNF+fHdEB+5aTcPZ0hh/gzi9Ezq5IBO4bl/hV4Dg4fub6t12W6VGlsERtvdUaEowL35M3pojv0hOvLaq0FbdQ==",
      "dependencies": {
        "@vue/compiler-dom": "3.4.16",
        "@vue/shared": "3.4.16"
      }
    },
    "node_modules/@vue/reactivity": {
      "version": "3.4.16",
      "resolved": "https://registry.npmjs.org/@vue/reactivity/-/reactivity-3.4.16.tgz",
      "integrity": "sha512-XTWRMBG10PGs4MxDoUdBEhMacS5QBUAlGeb5AmQysTQ16tXxQ0lymgbSTmR2h79v5dJDFuULuLWUbwc0uj6zqQ==",
      "dependencies": {
        "@vue/shared": "3.4.16"
      }
    },
    "node_modules/@vue/runtime-core": {
      "version": "3.4.16",
      "resolved": "https://registry.npmjs.org/@vue/runtime-core/-/runtime-core-3.4.16.tgz",
      "integrity": "sha512-vgS25M79AOY2EsBWxBcy9yAou10x2WHJhGN0FM/Ii8yum0a+KBfg8ehzq/cuDqfOPrtVrDPW+QkH3WNJNakfRw==",
      "dependencies": {
        "@vue/reactivity": "3.4.16",
        "@vue/shared": "3.4.16"
      }
    },
    "node_modules/@vue/runtime-dom": {
      "version": "3.4.16",
      "resolved": "https://registry.npmjs.org/@vue/runtime-dom/-/runtime-dom-3.4.16.tgz",
      "integrity": "sha512-X+knHfhefB8tX0rJG3d14U8p1CpeZ/qZxol9rN8ZAD9UalTInIsKXlBTd/xLC8GwO2aXVXxjaSIiTU5th5wj9Q==",
      "dependencies": {
        "@vue/runtime-core": "3.4.16",
        "@vue/shared": "3.4.16",
        "csstype": "^3.1.3"
      }
    },
    "node_modules/@vue/server-renderer": {
      "version": "3.4.16",
      "resolved": "https://registry.npmjs.org/@vue/server-renderer/-/server-renderer-3.4.16.tgz",
      "integrity": "sha512-e0PZDpk/eZgICYb0DTQ+OeBlgt0FYGo+2DEcUkZxw+pDgF1qL0aYaOqmPcSbL5KK0nizvuSd7k5HZOkSwSaC2g==",
      "dependencies": {
        "@vue/compiler-ssr": "3.4.16",
        "@vue/shared": "3.4.16"
      },
      "peerDependencies": {
        "vue": "3.4.16"
      }
    },
    "node_modules/@vue/shared": {
      "version": "3.4.16",
      "resolved": "https://registry.npmjs.org/@vue/shared/-/shared-3.4.16.tgz",
      "integrity": "sha512-HKCjeaxR+R95dCw1BDaytcHdlzZj9lxj7RlFnxWtcKq670t8oSeMsbPlkzkNc2V6IUzHaMtUxdBcdREAhb+7NA=="
    },
    "node_modules/@vueform/multiselect": {
      "version": "2.6.6",
      "resolved": "https://registry.npmjs.org/@vueform/multiselect/-/multiselect-2.6.6.tgz",
      "integrity": "sha512-JDWesVRmyGz9HmHp2Ooy1cb8XgKohiztwMDtjm8c0/Th+7wEZENZuYa0iY5CTvaJNANl3LVqh9BNnCc/YlM/Bg=="
    },
    "node_modules/blurhash": {
      "version": "2.0.5",
      "resolved": "https://registry.npmjs.org/blurhash/-/blurhash-2.0.5.tgz",
      "integrity": "sha512-cRygWd7kGBQO3VEhPiTgq4Wc43ctsM+o46urrmPOiuAe+07fzlSB9OJVdpgDL0jPqXUVQ9ht7aq7kxOeJHRK+w=="
    },
    "node_modules/ckeditor5": {
      "version": "41.1.0",
      "resolved": "https://registry.npmjs.org/ckeditor5/-/ckeditor5-41.1.0.tgz",
      "integrity": "sha512-ypqC8jtLztWNgCnN7/E9rjhBP80tFnBVd5DyaaA7qZO0SwdlZeQcp3fy610QC36f9GjUWtwm3qLw9eZWXwPnTg==",
      "dependencies": {
        "@ckeditor/ckeditor5-clipboard": "41.1.0",
        "@ckeditor/ckeditor5-core": "41.1.0",
        "@ckeditor/ckeditor5-engine": "41.1.0",
        "@ckeditor/ckeditor5-enter": "41.1.0",
        "@ckeditor/ckeditor5-paragraph": "41.1.0",
        "@ckeditor/ckeditor5-select-all": "41.1.0",
        "@ckeditor/ckeditor5-typing": "41.1.0",
        "@ckeditor/ckeditor5-ui": "41.1.0",
        "@ckeditor/ckeditor5-undo": "41.1.0",
        "@ckeditor/ckeditor5-upload": "41.1.0",
        "@ckeditor/ckeditor5-utils": "41.1.0",
        "@ckeditor/ckeditor5-watchdog": "41.1.0",
        "@ckeditor/ckeditor5-widget": "41.1.0"
      }
    },
    "node_modules/color-convert": {
      "version": "2.0.1",
      "resolved": "https://registry.npmjs.org/color-convert/-/color-convert-2.0.1.tgz",
      "integrity": "sha512-RRECPsj7iu/xb5oKYcsFHSppFNnsj/52OVTRKb4zP5onXwVF3zVmmToNcOfGC+CRDpfK/U584fMg38ZHCaElKQ==",
      "dependencies": {
        "color-name": "~1.1.4"
      },
      "engines": {
        "node": ">=7.0.0"
      }
    },
    "node_modules/color-name": {
      "version": "1.1.4",
      "resolved": "https://registry.npmjs.org/color-name/-/color-name-1.1.4.tgz",
      "integrity": "sha512-dOy+3AuW3a2wNbZHIuMZpTcgjGuLU/uBL/ubcZF9OXbDo8ff4O8yVp5Bf0efS8uEoYo5q4Fx7dY9OgQGXgAsQA=="
    },
    "node_modules/color-parse": {
      "version": "1.4.2",
      "resolved": "https://registry.npmjs.org/color-parse/-/color-parse-1.4.2.tgz",
      "integrity": "sha512-RI7s49/8yqDj3fECFZjUI1Yi0z/Gq1py43oNJivAIIDSyJiOZLfYCRQEgn8HEVAj++PcRe8AnL2XF0fRJ3BTnA==",
      "dependencies": {
        "color-name": "^1.0.0"
      }
    },
    "node_modules/csstype": {
      "version": "3.1.3",
      "resolved": "https://registry.npmjs.org/csstype/-/csstype-3.1.3.tgz",
      "integrity": "sha512-M1uQkMl8rQK/szD0LNhtqxIPLpimGm8sOBwU7lLnCpSbTyY3yeU1Vc7l4KT5zT4s/yOxHH5O7tIuuLOCnLADRw=="
    },
    "node_modules/entities": {
      "version": "4.5.0",
      "resolved": "https://registry.npmjs.org/entities/-/entities-4.5.0.tgz",
      "integrity": "sha512-V0hjH4dGPh9Ao5p0MoRY6BVqtwCjhz6vI5LT8AJ55H+4g9/4vbHx1I54fS0XuclLhDHArPQCiMjDxjaL8fPxhw==",
      "engines": {
        "node": ">=0.12"
      },
      "funding": {
        "url": "https://github.com/fb55/entities?sponsor=1"
      }
    },
    "node_modules/esbuild": {
      "version": "0.20.0",
      "resolved": "https://registry.npmjs.org/esbuild/-/esbuild-0.20.0.tgz",
      "integrity": "sha512-6iwE3Y2RVYCME1jLpBqq7LQWK3MW6vjV2bZy6gt/WrqkY+WE74Spyc0ThAOYpMtITvnjX09CrC6ym7A/m9mebA==",
      "dev": true,
      "hasInstallScript": true,
      "bin": {
        "esbuild": "bin/esbuild"
      },
      "engines": {
        "node": ">=12"
      },
      "optionalDependencies": {
        "@esbuild/aix-ppc64": "0.20.0",
        "@esbuild/android-arm": "0.20.0",
        "@esbuild/android-arm64": "0.20.0",
        "@esbuild/android-x64": "0.20.0",
        "@esbuild/darwin-arm64": "0.20.0",
        "@esbuild/darwin-x64": "0.20.0",
        "@esbuild/freebsd-arm64": "0.20.0",
        "@esbuild/freebsd-x64": "0.20.0",
        "@esbuild/linux-arm": "0.20.0",
        "@esbuild/linux-arm64": "0.20.0",
        "@esbuild/linux-ia32": "0.20.0",
        "@esbuild/linux-loong64": "0.20.0",
        "@esbuild/linux-mips64el": "0.20.0",
        "@esbuild/linux-ppc64": "0.20.0",
        "@esbuild/linux-riscv64": "0.20.0",
        "@esbuild/linux-s390x": "0.20.0",
        "@esbuild/linux-x64": "0.20.0",
        "@esbuild/netbsd-x64": "0.20.0",
        "@esbuild/openbsd-x64": "0.20.0",
        "@esbuild/sunos-x64": "0.20.0",
        "@esbuild/win32-arm64": "0.20.0",
        "@esbuild/win32-ia32": "0.20.0",
        "@esbuild/win32-x64": "0.20.0"
      }
    },
    "node_modules/estree-walker": {
      "version": "2.0.2",
      "resolved": "https://registry.npmjs.org/estree-walker/-/estree-walker-2.0.2.tgz",
      "integrity": "sha512-Rfkk/Mp/DL7JVje3u18FxFujQlTNR2q6QfMSMB7AvCBx91NGj/ba3kCfza0f6dVDbw7YlRf/nDrn7pQrCCyQ/w=="
    },
    "node_modules/flatpickr": {
      "version": "4.6.13",
      "resolved": "https://registry.npmjs.org/flatpickr/-/flatpickr-4.6.13.tgz",
      "integrity": "sha512-97PMG/aywoYpB4IvbvUJi0RQi8vearvU0oov1WW3k0WZPBMrTQVqekSX5CjSG/M4Q3i6A/0FKXC7RyAoAUUSPw=="
    },
    "node_modules/jquery": {
      "version": "3.7.1",
      "resolved": "https://registry.npmjs.org/jquery/-/jquery-3.7.1.tgz",
      "integrity": "sha512-m4avr8yL8kmFN8psrbFFFmB/If14iN5o9nw/NgnnM+kybDJpRsAynV2BsfpTYrTRysYUdADVD7CkUUizgkpLfg=="
    },
    "node_modules/jquery-param": {
      "version": "1.2.3",
      "resolved": "https://registry.npmjs.org/jquery-param/-/jquery-param-1.2.3.tgz",
      "integrity": "sha512-z913bY+u1FtJHQUHXCg2VpP0ZWDifOI6wVkXSuBiImsCK6syWCcBG+cdZrgep3FXUR8lC6lWQObA1RmFqeJMOQ=="
    },
    "node_modules/leaflet": {
      "version": "1.9.4",
      "resolved": "https://registry.npmjs.org/leaflet/-/leaflet-1.9.4.tgz",
      "integrity": "sha512-nxS1ynzJOmOlHp+iL3FyWqK89GtNL8U8rvlMOsQdTTssxZwCXh8N2NB3GDQOL+YR3XnWyZAxwQixURb+FA74PA=="
    },
    "node_modules/lodash-es": {
      "version": "4.17.21",
      "resolved": "https://registry.npmjs.org/lodash-es/-/lodash-es-4.17.21.tgz",
      "integrity": "sha512-mKnC+QJ9pWVzv+C4/U3rRsHapFfHvQFoFB92e52xeyGMcX6/OlIl78je1u8vePzYZSkkogMPJ2yjxxsb89cxyw=="
    },
    "node_modules/magic-string": {
      "version": "0.30.7",
      "resolved": "https://registry.npmjs.org/magic-string/-/magic-string-0.30.7.tgz",
      "integrity": "sha512-8vBuFF/I/+OSLRmdf2wwFCJCz+nSn0m6DPvGH1fS/KiQoSaR+sETbov0eIk9KhEKy8CYqIkIAnbohxT/4H0kuA==",
      "dependencies": {
        "@jridgewell/sourcemap-codec": "^1.4.15"
      },
      "engines": {
        "node": ">=12"
      }
    },
    "node_modules/nanoid": {
      "version": "3.3.7",
      "resolved": "https://registry.npmjs.org/nanoid/-/nanoid-3.3.7.tgz",
      "integrity": "sha512-eSRppjcPIatRIMC1U6UngP8XFcz8MQWGQdt1MTBQ7NaAmvXDfvNxbvWV3x2y6CdEUciCSsDHDQZbhYaB8QEo2g==",
      "funding": [
        {
          "type": "github",
          "url": "https://github.com/sponsors/ai"
        }
      ],
      "bin": {
        "nanoid": "bin/nanoid.cjs"
      },
      "engines": {
        "node": "^10 || ^12 || ^13.7 || ^14 || >=15.0.1"
      }
    },
    "node_modules/picocolors": {
      "version": "1.0.0",
      "resolved": "https://registry.npmjs.org/picocolors/-/picocolors-1.0.0.tgz",
      "integrity": "sha512-1fygroTLlHu66zi26VoTDv8yRgm0Fccecssto+MhsZ0D/DGW2sm8E8AjW7NU5VVTRt5GxbeZ5qBuJr+HyLYkjQ=="
    },
    "node_modules/postcss": {
      "version": "8.4.35",
      "resolved": "https://registry.npmjs.org/postcss/-/postcss-8.4.35.tgz",
      "integrity": "sha512-u5U8qYpBCpN13BsiEB0CbR1Hhh4Gc0zLFuedrHJKMctHCHAGrMdG0PRM/KErzAL3CU6/eckEtmHNB3x6e3c0vA==",
      "funding": [
        {
          "type": "opencollective",
          "url": "https://opencollective.com/postcss/"
        },
        {
          "type": "tidelift",
          "url": "https://tidelift.com/funding/github/npm/postcss"
        },
        {
          "type": "github",
          "url": "https://github.com/sponsors/ai"
        }
      ],
      "dependencies": {
        "nanoid": "^3.3.7",
        "picocolors": "^1.0.0",
        "source-map-js": "^1.0.2"
      },
      "engines": {
        "node": "^10 || ^12 || >=14"
      }
    },
    "node_modules/sortablejs": {
      "version": "1.15.2",
      "resolved": "https://registry.npmjs.org/sortablejs/-/sortablejs-1.15.2.tgz",
      "integrity": "sha512-FJF5jgdfvoKn1MAKSdGs33bIqLi3LmsgVTliuX6iITj834F+JRQZN90Z93yql8h0K2t0RwDPBmxwlbZfDcxNZA=="
    },
    "node_modules/source-map-js": {
      "version": "1.0.2",
      "resolved": "https://registry.npmjs.org/source-map-js/-/source-map-js-1.0.2.tgz",
      "integrity": "sha512-R0XvVJ9WusLiqTCEiGCmICCMplcCkIwwR11mOSD9CR5u+IXYdiseeEuXCVAjS54zqwkLcPNnmU4OeJ6tUrWhDw==",
      "engines": {
        "node": ">=0.10.0"
      }
    },
    "node_modules/sprintf-js": {
      "version": "1.1.3",
      "resolved": "https://registry.npmjs.org/sprintf-js/-/sprintf-js-1.1.3.tgz",
      "integrity": "sha512-Oo+0REFV59/rz3gfJNKQiBlwfHaSESl1pcGyABQsnnIfWOFt6JNj5gCog2U6MLZ//IGYD+nA8nI+mTShREReaA=="
    },
    "node_modules/vanilla-colorful": {
      "version": "0.7.2",
      "resolved": "https://registry.npmjs.org/vanilla-colorful/-/vanilla-colorful-0.7.2.tgz",
      "integrity": "sha512-z2YZusTFC6KnLERx1cgoIRX2CjPRP0W75N+3CC6gbvdX5Ch47rZkEMGO2Xnf+IEmi3RiFLxS18gayMA27iU7Kg=="
    },
    "node_modules/vue": {
      "version": "3.4.16",
      "resolved": "https://registry.npmjs.org/vue/-/vue-3.4.16.tgz",
      "integrity": "sha512-l5/KcZRp3GbsFXQGeCL9ll1JfRU285K/7l8mZM+dEO+CnE1j26MvfBKJi17iCRRwstl+Jz7KSLlzj9L79fB6WA==",
      "dependencies": {
        "@vue/compiler-dom": "3.4.16",
        "@vue/compiler-sfc": "3.4.16",
        "@vue/runtime-dom": "3.4.16",
        "@vue/server-renderer": "3.4.16",
        "@vue/shared": "3.4.16"
      },
      "peerDependencies": {
        "typescript": "*"
      },
      "peerDependenciesMeta": {
        "typescript": {
          "optional": true
        }
      }
    },
    "node_modules/vue-flatpickr-component": {
      "version": "11.0.3",
      "resolved": "https://registry.npmjs.org/vue-flatpickr-component/-/vue-flatpickr-component-11.0.3.tgz",
      "integrity": "sha512-SYNW/lqK1q9gzr5kQpNDwnlgUIDnXJpG1AmoDxVyOYVtUD7mLaDU1w+MJLFI644NYtwh9NrCt5LpojlsjtbvqA==",
      "dependencies": {
        "flatpickr": "^4.6.13"
      },
      "engines": {
        "node": ">=14.13.0"
      },
      "peerDependencies": {
        "vue": "^3.2.0"
      }
    },
    "node_modules/vuedraggable": {
      "version": "4.1.0",
      "resolved": "https://registry.npmjs.org/vuedraggable/-/vuedraggable-4.1.0.tgz",
      "integrity": "sha512-FU5HCWBmsf20GpP3eudURW3WdWTKIbEIQxh9/8GE806hydR9qZqRRxRE3RjqX7PkuLuMQG/A7n3cfj9rCEchww==",
      "dependencies": {
        "sortablejs": "1.14.0"
      },
      "peerDependencies": {
        "vue": "^3.0.1"
      }
    },
    "node_modules/vuedraggable/node_modules/sortablejs": {
      "version": "1.14.0",
      "resolved": "https://registry.npmjs.org/sortablejs/-/sortablejs-1.14.0.tgz",
      "integrity": "sha512-pBXvQCs5/33fdN1/39pPL0NZF20LeRbLQ5jtnheIPN9JQAaufGjKdWduZn4U7wCtVuzKhmRkI0DFYHYRbB2H1w=="
    }
  }
}
